
Microsoft Visual Studio Solution File, Format Version 12.00
# Visual Studio 15
VisualStudioVersion = 15.0.26430.6
MinimumVisualStudioVersion = 10.0.40219.1
Project("{FAE04EC0-301F-11D3-BF4B-00C04F79EFBC}") = "01. Shapes", "01. Shapes\01. Shapes.csproj", "{5D33C2DA-628E-4185-A6BE-F6472F3A13C9}"
EndProject
Project("{FAE04EC0-301F-11D3-BF4B-00C04F79EFBC}") = "02. Cars", "02. Cars\02. Cars.csproj", "{8C6CF511-3AF4-4D1D-A001-C5AC82FADEE7}"
EndProject
Global
	GlobalSection(SolutionConfigurationPlatforms) = preSolution
		Debug|Any CPU = Debug|Any CPU
		Release|Any CPU = Release|Any CPU
	EndGlobalSection
	GlobalSection(ProjectConfigurationPlatforms) = postSolution
		{5D33C2DA-628E-4185-A6BE-F6472F3A13C9}.Debug|Any CPU.ActiveCfg = Debug|Any CPU
		{5D33C2DA-628E-4185-A6BE-F6472F3A13C9}.Debug|Any CPU.Build.0 = Debug|Any CPU
		{5D33C2DA-628E-4185-A6BE-F6472F3A13C9}.Release|Any CPU.ActiveCfg = Release|Any CPU
		{5D33C2DA-628E-4185-A6BE-F6472F3A13C9}.Release|Any CPU.Build.0 = Release|Any CPU
		{8C6CF511-3AF4-4D1D-A001-C5AC82FADEE7}.Debug|Any CPU.ActiveCfg = Debug|Any CPU
		{8C6CF511-3AF4-4D1D-A001-C5AC82FADEE7}.Debug|Any CPU.Build.0 = Debug|Any CPU
		{8C6CF511-3AF4-4D1D-A001-C5AC82FADEE7}.Release|Any CPU.ActiveCfg = Release|Any CPU
		{8C6CF511-3AF4-4D1D-A001-C5AC82FADEE7}.Release|Any CPU.Build.0 = Release|Any CPU
	EndGlobalSection
	GlobalSection(SolutionProperties) = preSolution
		HideSolutionNode = FALSE
	EndGlobalSection
EndGlobal
