
Microsoft Visual Studio Solution File, Format Version 12.00
# Visual Studio 15
VisualStudioVersion = 15.0.27004.2002
MinimumVisualStudioVersion = 10.0.40219.1
Project("{9A19103F-16F7-4668-BE54-9A1E7A4F7556}") = "Mapping", "Mapping\Mapping.csproj", "{B30018C6-A316-45AF-866D-582FE674380E}"
EndProject
Project("{FAE04EC0-301F-11D3-BF4B-00C04F79EFBC}") = "Models", "Models\Models.csproj", "{B4DADB4A-F02E-457B-AF74-41031F7708D5}"
EndProject
Project("{FAE04EC0-301F-11D3-BF4B-00C04F79EFBC}") = "DtoModels", "DtoModels\DtoModels.csproj", "{DB829027-A4DD-4A1F-BDA8-60DA9926F489}"
EndProject
Project("{FAE04EC0-301F-11D3-BF4B-00C04F79EFBC}") = "Services", "Services\Services.csproj", "{5CF38E29-35C2-48C8-9FDE-F48D29B3D292}"
EndProject
Project("{FAE04EC0-301F-11D3-BF4B-00C04F79EFBC}") = "Data", "Data\Data.csproj", "{97A2C8C2-389E-4686-8F6F-4F219BE1C4B8}"
EndProject
Global
	GlobalSection(SolutionConfigurationPlatforms) = preSolution
		Debug|Any CPU = Debug|Any CPU
		Release|Any CPU = Release|Any CPU
	EndGlobalSection
	GlobalSection(ProjectConfigurationPlatforms) = postSolution
		{B30018C6-A316-45AF-866D-582FE674380E}.Debug|Any CPU.ActiveCfg = Debug|Any CPU
		{B30018C6-A316-45AF-866D-582FE674380E}.Debug|Any CPU.Build.0 = Debug|Any CPU
		{B30018C6-A316-45AF-866D-582FE674380E}.Release|Any CPU.ActiveCfg = Release|Any CPU
		{B30018C6-A316-45AF-866D-582FE674380E}.Release|Any CPU.Build.0 = Release|Any CPU
		{B4DADB4A-F02E-457B-AF74-41031F7708D5}.Debug|Any CPU.ActiveCfg = Debug|Any CPU
		{B4DADB4A-F02E-457B-AF74-41031F7708D5}.Debug|Any CPU.Build.0 = Debug|Any CPU
		{B4DADB4A-F02E-457B-AF74-41031F7708D5}.Release|Any CPU.ActiveCfg = Release|Any CPU
		{B4DADB4A-F02E-457B-AF74-41031F7708D5}.Release|Any CPU.Build.0 = Release|Any CPU
		{DB829027-A4DD-4A1F-BDA8-60DA9926F489}.Debug|Any CPU.ActiveCfg = Debug|Any CPU
		{DB829027-A4DD-4A1F-BDA8-60DA9926F489}.Debug|Any CPU.Build.0 = Debug|Any CPU
		{DB829027-A4DD-4A1F-BDA8-60DA9926F489}.Release|Any CPU.ActiveCfg = Release|Any CPU
		{DB829027-A4DD-4A1F-BDA8-60DA9926F489}.Release|Any CPU.Build.0 = Release|Any CPU
		{5CF38E29-35C2-48C8-9FDE-F48D29B3D292}.Debug|Any CPU.ActiveCfg = Debug|Any CPU
		{5CF38E29-35C2-48C8-9FDE-F48D29B3D292}.Debug|Any CPU.Build.0 = Debug|Any CPU
		{5CF38E29-35C2-48C8-9FDE-F48D29B3D292}.Release|Any CPU.ActiveCfg = Release|Any CPU
		{5CF38E29-35C2-48C8-9FDE-F48D29B3D292}.Release|Any CPU.Build.0 = Release|Any CPU
		{97A2C8C2-389E-4686-8F6F-4F219BE1C4B8}.Debug|Any CPU.ActiveCfg = Debug|Any CPU
		{97A2C8C2-389E-4686-8F6F-4F219BE1C4B8}.Debug|Any CPU.Build.0 = Debug|Any CPU
		{97A2C8C2-389E-4686-8F6F-4F219BE1C4B8}.Release|Any CPU.ActiveCfg = Release|Any CPU
		{97A2C8C2-389E-4686-8F6F-4F219BE1C4B8}.Release|Any CPU.Build.0 = Release|Any CPU
	EndGlobalSection
	GlobalSection(SolutionProperties) = preSolution
		HideSolutionNode = FALSE
	EndGlobalSection
	GlobalSection(ExtensibilityGlobals) = postSolution
		SolutionGuid = {2E203F4B-1EAF-4ABC-822C-5B0D9C7F2786}
	EndGlobalSection
EndGlobal
