
Microsoft Visual Studio Solution File, Format Version 12.00
# Visual Studio 15
VisualStudioVersion = 15.0.26020.0
MinimumVisualStudioVersion = 10.0.40219.1
Project("{FAE04EC0-301F-11D3-BF4B-00C04F79EFBC}") = "01. Bunker Buster", "01. Bunker Buster\01. Bunker Buster.csproj", "{C985FC38-A875-4B18-9E6E-778C4675D400}"
EndProject
Project("{FAE04EC0-301F-11D3-BF4B-00C04F79EFBC}") = "02. Array Slider", "02. ArraySlider\02. Array Slider.csproj", "{8F8567AB-F8F8-4BE0-B14F-5D3C12AD8AA3}"
EndProject
Project("{FAE04EC0-301F-11D3-BF4B-00C04F79EFBC}") = "Test", "Test\Test.csproj", "{AF078565-83AB-405D-8960-18DA0A8EAB8F}"
EndProject
Project("{FAE04EC0-301F-11D3-BF4B-00C04F79EFBC}") = "03. Rage Quit", "03. Rage Quit\03. Rage Quit.csproj", "{E571D031-F4AA-4573-A9FD-7DBF99986553}"
EndProject
Project("{FAE04EC0-301F-11D3-BF4B-00C04F79EFBC}") = "04. Population Counter", "04. Population Counter\04. Population Counter.csproj", "{0EC4E09A-7BC7-4E41-82FA-70F9376B780A}"
EndProject
Global
	GlobalSection(SolutionConfigurationPlatforms) = preSolution
		Debug|Any CPU = Debug|Any CPU
		Release|Any CPU = Release|Any CPU
	EndGlobalSection
	GlobalSection(ProjectConfigurationPlatforms) = postSolution
		{C985FC38-A875-4B18-9E6E-778C4675D400}.Debug|Any CPU.ActiveCfg = Debug|Any CPU
		{C985FC38-A875-4B18-9E6E-778C4675D400}.Debug|Any CPU.Build.0 = Debug|Any CPU
		{C985FC38-A875-4B18-9E6E-778C4675D400}.Release|Any CPU.ActiveCfg = Release|Any CPU
		{C985FC38-A875-4B18-9E6E-778C4675D400}.Release|Any CPU.Build.0 = Release|Any CPU
		{8F8567AB-F8F8-4BE0-B14F-5D3C12AD8AA3}.Debug|Any CPU.ActiveCfg = Debug|Any CPU
		{8F8567AB-F8F8-4BE0-B14F-5D3C12AD8AA3}.Debug|Any CPU.Build.0 = Debug|Any CPU
		{8F8567AB-F8F8-4BE0-B14F-5D3C12AD8AA3}.Release|Any CPU.ActiveCfg = Release|Any CPU
		{8F8567AB-F8F8-4BE0-B14F-5D3C12AD8AA3}.Release|Any CPU.Build.0 = Release|Any CPU
		{AF078565-83AB-405D-8960-18DA0A8EAB8F}.Debug|Any CPU.ActiveCfg = Debug|Any CPU
		{AF078565-83AB-405D-8960-18DA0A8EAB8F}.Debug|Any CPU.Build.0 = Debug|Any CPU
		{AF078565-83AB-405D-8960-18DA0A8EAB8F}.Release|Any CPU.ActiveCfg = Release|Any CPU
		{AF078565-83AB-405D-8960-18DA0A8EAB8F}.Release|Any CPU.Build.0 = Release|Any CPU
		{E571D031-F4AA-4573-A9FD-7DBF99986553}.Debug|Any CPU.ActiveCfg = Debug|Any CPU
		{E571D031-F4AA-4573-A9FD-7DBF99986553}.Debug|Any CPU.Build.0 = Debug|Any CPU
		{E571D031-F4AA-4573-A9FD-7DBF99986553}.Release|Any CPU.ActiveCfg = Release|Any CPU
		{E571D031-F4AA-4573-A9FD-7DBF99986553}.Release|Any CPU.Build.0 = Release|Any CPU
		{0EC4E09A-7BC7-4E41-82FA-70F9376B780A}.Debug|Any CPU.ActiveCfg = Debug|Any CPU
		{0EC4E09A-7BC7-4E41-82FA-70F9376B780A}.Debug|Any CPU.Build.0 = Debug|Any CPU
		{0EC4E09A-7BC7-4E41-82FA-70F9376B780A}.Release|Any CPU.ActiveCfg = Release|Any CPU
		{0EC4E09A-7BC7-4E41-82FA-70F9376B780A}.Release|Any CPU.Build.0 = Release|Any CPU
	EndGlobalSection
	GlobalSection(SolutionProperties) = preSolution
		HideSolutionNode = FALSE
	EndGlobalSection
EndGlobal
