
Microsoft Visual Studio Solution File, Format Version 12.00
# Visual Studio 15
VisualStudioVersion = 15.0.26020.0
MinimumVisualStudioVersion = 10.0.40219.1
Project("{FAE04EC0-301F-11D3-BF4B-00C04F79EFBC}") = "01. Array Manipulator", "01. Array Manipulator\01. Array Manipulator.csproj", "{6256FB85-2F34-4DA0-983F-80D36F18F34B}"
EndProject
Project("{FAE04EC0-301F-11D3-BF4B-00C04F79EFBC}") = "02. Radioactive Bunnies", "02. Radioactive Bunnies\02. Radioactive Bunnies.csproj", "{393D80BF-6948-443A-8A2A-0835197F57A2}"
EndProject
Project("{FAE04EC0-301F-11D3-BF4B-00C04F79EFBC}") = "03. Shmoogle Counter", "03. Shmoogle Counter\03. Shmoogle Counter.csproj", "{C027AE40-4D89-4892-883D-3FBD18393430}"
EndProject
Project("{FAE04EC0-301F-11D3-BF4B-00C04F79EFBC}") = "04. Srabsko Unleashed", "04. Srabsko Unleashed\04. Srabsko Unleashed.csproj", "{6F1D13DF-498B-4B89-9A0B-8DA391AC6367}"
EndProject
Global
	GlobalSection(SolutionConfigurationPlatforms) = preSolution
		Debug|Any CPU = Debug|Any CPU
		Release|Any CPU = Release|Any CPU
	EndGlobalSection
	GlobalSection(ProjectConfigurationPlatforms) = postSolution
		{6256FB85-2F34-4DA0-983F-80D36F18F34B}.Debug|Any CPU.ActiveCfg = Debug|Any CPU
		{6256FB85-2F34-4DA0-983F-80D36F18F34B}.Debug|Any CPU.Build.0 = Debug|Any CPU
		{6256FB85-2F34-4DA0-983F-80D36F18F34B}.Release|Any CPU.ActiveCfg = Release|Any CPU
		{6256FB85-2F34-4DA0-983F-80D36F18F34B}.Release|Any CPU.Build.0 = Release|Any CPU
		{393D80BF-6948-443A-8A2A-0835197F57A2}.Debug|Any CPU.ActiveCfg = Debug|Any CPU
		{393D80BF-6948-443A-8A2A-0835197F57A2}.Debug|Any CPU.Build.0 = Debug|Any CPU
		{393D80BF-6948-443A-8A2A-0835197F57A2}.Release|Any CPU.ActiveCfg = Release|Any CPU
		{393D80BF-6948-443A-8A2A-0835197F57A2}.Release|Any CPU.Build.0 = Release|Any CPU
		{C027AE40-4D89-4892-883D-3FBD18393430}.Debug|Any CPU.ActiveCfg = Debug|Any CPU
		{C027AE40-4D89-4892-883D-3FBD18393430}.Debug|Any CPU.Build.0 = Debug|Any CPU
		{C027AE40-4D89-4892-883D-3FBD18393430}.Release|Any CPU.ActiveCfg = Release|Any CPU
		{C027AE40-4D89-4892-883D-3FBD18393430}.Release|Any CPU.Build.0 = Release|Any CPU
		{6F1D13DF-498B-4B89-9A0B-8DA391AC6367}.Debug|Any CPU.ActiveCfg = Debug|Any CPU
		{6F1D13DF-498B-4B89-9A0B-8DA391AC6367}.Debug|Any CPU.Build.0 = Debug|Any CPU
		{6F1D13DF-498B-4B89-9A0B-8DA391AC6367}.Release|Any CPU.ActiveCfg = Release|Any CPU
		{6F1D13DF-498B-4B89-9A0B-8DA391AC6367}.Release|Any CPU.Build.0 = Release|Any CPU
	EndGlobalSection
	GlobalSection(SolutionProperties) = preSolution
		HideSolutionNode = FALSE
	EndGlobalSection
EndGlobal
