
Microsoft Visual Studio Solution File, Format Version 12.00
# Visual Studio 15
VisualStudioVersion = 15.0.27004.2002
MinimumVisualStudioVersion = 10.0.40219.1
Project("{FAE04EC0-301F-11D3-BF4B-00C04F79EFBC}") = "CameraBazar.Web", "CameraBazar.Web\CameraBazar.Web.csproj", "{F239BB8B-411C-43A4-90AD-55F6D0F9AF92}"
EndProject
Project("{FAE04EC0-301F-11D3-BF4B-00C04F79EFBC}") = "CameraBazar.Data", "CameraBazar.Data\CameraBazar.Data.csproj", "{FE29E35C-8476-42CE-B5DF-8165D2280900}"
EndProject
Global
	GlobalSection(SolutionConfigurationPlatforms) = preSolution
		Debug|Any CPU = Debug|Any CPU
		Release|Any CPU = Release|Any CPU
	EndGlobalSection
	GlobalSection(ProjectConfigurationPlatforms) = postSolution
		{F239BB8B-411C-43A4-90AD-55F6D0F9AF92}.Debug|Any CPU.ActiveCfg = Debug|Any CPU
		{F239BB8B-411C-43A4-90AD-55F6D0F9AF92}.Debug|Any CPU.Build.0 = Debug|Any CPU
		{F239BB8B-411C-43A4-90AD-55F6D0F9AF92}.Release|Any CPU.ActiveCfg = Release|Any CPU
		{F239BB8B-411C-43A4-90AD-55F6D0F9AF92}.Release|Any CPU.Build.0 = Release|Any CPU
		{FE29E35C-8476-42CE-B5DF-8165D2280900}.Debug|Any CPU.ActiveCfg = Debug|Any CPU
		{FE29E35C-8476-42CE-B5DF-8165D2280900}.Debug|Any CPU.Build.0 = Debug|Any CPU
		{FE29E35C-8476-42CE-B5DF-8165D2280900}.Release|Any CPU.ActiveCfg = Release|Any CPU
		{FE29E35C-8476-42CE-B5DF-8165D2280900}.Release|Any CPU.Build.0 = Release|Any CPU
	EndGlobalSection
	GlobalSection(SolutionProperties) = preSolution
		HideSolutionNode = FALSE
	EndGlobalSection
	GlobalSection(ExtensibilityGlobals) = postSolution
		SolutionGuid = {DD0E4C07-A1BC-4D7C-A733-2AC83D39B947}
	EndGlobalSection
EndGlobal
