
Microsoft Visual Studio Solution File, Format Version 12.00
# Visual Studio 15
VisualStudioVersion = 15.0.26020.0
MinimumVisualStudioVersion = 10.0.40219.1
Project("{FAE04EC0-301F-11D3-BF4B-00C04F79EFBC}") = "01. CountWorkingDays", "01. CountWorkingDays\01. CountWorkingDays.csproj", "{F6FE2F6C-4B0A-4F46-A770-840A846E9D84}"
EndProject
Project("{FAE04EC0-301F-11D3-BF4B-00C04F79EFBC}") = "02. AdvertisementMessage", "02. AdvertisementMessage\02. AdvertisementMessage.csproj", "{60527460-F0C6-43BB-85B1-EE6D7F9FEC89}"
EndProject
Project("{FAE04EC0-301F-11D3-BF4B-00C04F79EFBC}") = "03. IntersectionOfCircles", "03. IntersectionOfCircles\03. IntersectionOfCircles.csproj", "{25B82158-4E67-4B3B-B9C5-A71DAEF4E2BA}"
EndProject
Project("{FAE04EC0-301F-11D3-BF4B-00C04F79EFBC}") = "04. AverageGrade", "04. AverageGrade\04. AverageGrade.csproj", "{4A3532B9-5CA0-4FDA-B0B7-0889FB0F61FB}"
EndProject
Project("{FAE04EC0-301F-11D3-BF4B-00C04F79EFBC}") = "Test", "Test\Test.csproj", "{4388FF43-E9A4-4C75-B4AD-22212CD04BD8}"
EndProject
Project("{FAE04EC0-301F-11D3-BF4B-00C04F79EFBC}") = "05. BookLibrary", "05. BookLibrary\05. BookLibrary.csproj", "{56F472D3-8D1F-4783-BB97-47ADB8DBDC40}"
EndProject
Project("{FAE04EC0-301F-11D3-BF4B-00C04F79EFBC}") = "06. BookLibraryModification", "06. BookLibraryModification\06. BookLibraryModification.csproj", "{9F2FFD69-B8A3-4C06-A5F0-1C36773CCB56}"
EndProject
Project("{FAE04EC0-301F-11D3-BF4B-00C04F79EFBC}") = "07. AndreyAndBilliard", "07. AndreyAndBilliard\07. AndreyAndBilliard.csproj", "{AADDD7C1-E87C-4E72-B87D-DE8F754B0D75}"
EndProject
Project("{FAE04EC0-301F-11D3-BF4B-00C04F79EFBC}") = "08. MentorGroup", "08. MentorGroup\08. MentorGroup.csproj", "{C5DF56E3-2B26-4B81-9BC0-38E18F181C42}"
EndProject
Project("{FAE04EC0-301F-11D3-BF4B-00C04F79EFBC}") = "09. TeamWork Project", "09. TeamWork Project\09. TeamWork Project.csproj", "{1F30A7FE-1D48-4079-B23F-13319EDA6286}"
EndProject
Global
	GlobalSection(SolutionConfigurationPlatforms) = preSolution
		Debug|Any CPU = Debug|Any CPU
		Release|Any CPU = Release|Any CPU
	EndGlobalSection
	GlobalSection(ProjectConfigurationPlatforms) = postSolution
		{F6FE2F6C-4B0A-4F46-A770-840A846E9D84}.Debug|Any CPU.ActiveCfg = Debug|Any CPU
		{F6FE2F6C-4B0A-4F46-A770-840A846E9D84}.Debug|Any CPU.Build.0 = Debug|Any CPU
		{F6FE2F6C-4B0A-4F46-A770-840A846E9D84}.Release|Any CPU.ActiveCfg = Release|Any CPU
		{F6FE2F6C-4B0A-4F46-A770-840A846E9D84}.Release|Any CPU.Build.0 = Release|Any CPU
		{60527460-F0C6-43BB-85B1-EE6D7F9FEC89}.Debug|Any CPU.ActiveCfg = Debug|Any CPU
		{60527460-F0C6-43BB-85B1-EE6D7F9FEC89}.Debug|Any CPU.Build.0 = Debug|Any CPU
		{60527460-F0C6-43BB-85B1-EE6D7F9FEC89}.Release|Any CPU.ActiveCfg = Release|Any CPU
		{60527460-F0C6-43BB-85B1-EE6D7F9FEC89}.Release|Any CPU.Build.0 = Release|Any CPU
		{25B82158-4E67-4B3B-B9C5-A71DAEF4E2BA}.Debug|Any CPU.ActiveCfg = Debug|Any CPU
		{25B82158-4E67-4B3B-B9C5-A71DAEF4E2BA}.Debug|Any CPU.Build.0 = Debug|Any CPU
		{25B82158-4E67-4B3B-B9C5-A71DAEF4E2BA}.Release|Any CPU.ActiveCfg = Release|Any CPU
		{25B82158-4E67-4B3B-B9C5-A71DAEF4E2BA}.Release|Any CPU.Build.0 = Release|Any CPU
		{4A3532B9-5CA0-4FDA-B0B7-0889FB0F61FB}.Debug|Any CPU.ActiveCfg = Debug|Any CPU
		{4A3532B9-5CA0-4FDA-B0B7-0889FB0F61FB}.Debug|Any CPU.Build.0 = Debug|Any CPU
		{4A3532B9-5CA0-4FDA-B0B7-0889FB0F61FB}.Release|Any CPU.ActiveCfg = Release|Any CPU
		{4A3532B9-5CA0-4FDA-B0B7-0889FB0F61FB}.Release|Any CPU.Build.0 = Release|Any CPU
		{4388FF43-E9A4-4C75-B4AD-22212CD04BD8}.Debug|Any CPU.ActiveCfg = Debug|Any CPU
		{4388FF43-E9A4-4C75-B4AD-22212CD04BD8}.Debug|Any CPU.Build.0 = Debug|Any CPU
		{4388FF43-E9A4-4C75-B4AD-22212CD04BD8}.Release|Any CPU.ActiveCfg = Release|Any CPU
		{4388FF43-E9A4-4C75-B4AD-22212CD04BD8}.Release|Any CPU.Build.0 = Release|Any CPU
		{56F472D3-8D1F-4783-BB97-47ADB8DBDC40}.Debug|Any CPU.ActiveCfg = Debug|Any CPU
		{56F472D3-8D1F-4783-BB97-47ADB8DBDC40}.Debug|Any CPU.Build.0 = Debug|Any CPU
		{56F472D3-8D1F-4783-BB97-47ADB8DBDC40}.Release|Any CPU.ActiveCfg = Release|Any CPU
		{56F472D3-8D1F-4783-BB97-47ADB8DBDC40}.Release|Any CPU.Build.0 = Release|Any CPU
		{9F2FFD69-B8A3-4C06-A5F0-1C36773CCB56}.Debug|Any CPU.ActiveCfg = Debug|Any CPU
		{9F2FFD69-B8A3-4C06-A5F0-1C36773CCB56}.Debug|Any CPU.Build.0 = Debug|Any CPU
		{9F2FFD69-B8A3-4C06-A5F0-1C36773CCB56}.Release|Any CPU.ActiveCfg = Release|Any CPU
		{9F2FFD69-B8A3-4C06-A5F0-1C36773CCB56}.Release|Any CPU.Build.0 = Release|Any CPU
		{AADDD7C1-E87C-4E72-B87D-DE8F754B0D75}.Debug|Any CPU.ActiveCfg = Debug|Any CPU
		{AADDD7C1-E87C-4E72-B87D-DE8F754B0D75}.Debug|Any CPU.Build.0 = Debug|Any CPU
		{AADDD7C1-E87C-4E72-B87D-DE8F754B0D75}.Release|Any CPU.ActiveCfg = Release|Any CPU
		{AADDD7C1-E87C-4E72-B87D-DE8F754B0D75}.Release|Any CPU.Build.0 = Release|Any CPU
		{C5DF56E3-2B26-4B81-9BC0-38E18F181C42}.Debug|Any CPU.ActiveCfg = Debug|Any CPU
		{C5DF56E3-2B26-4B81-9BC0-38E18F181C42}.Debug|Any CPU.Build.0 = Debug|Any CPU
		{C5DF56E3-2B26-4B81-9BC0-38E18F181C42}.Release|Any CPU.ActiveCfg = Release|Any CPU
		{C5DF56E3-2B26-4B81-9BC0-38E18F181C42}.Release|Any CPU.Build.0 = Release|Any CPU
		{1F30A7FE-1D48-4079-B23F-13319EDA6286}.Debug|Any CPU.ActiveCfg = Debug|Any CPU
		{1F30A7FE-1D48-4079-B23F-13319EDA6286}.Debug|Any CPU.Build.0 = Debug|Any CPU
		{1F30A7FE-1D48-4079-B23F-13319EDA6286}.Release|Any CPU.ActiveCfg = Release|Any CPU
		{1F30A7FE-1D48-4079-B23F-13319EDA6286}.Release|Any CPU.Build.0 = Release|Any CPU
	EndGlobalSection
	GlobalSection(SolutionProperties) = preSolution
		HideSolutionNode = FALSE
	EndGlobalSection
EndGlobal
