
Microsoft Visual Studio Solution File, Format Version 12.00
# Visual Studio 15
VisualStudioVersion = 15.0.26430.6
MinimumVisualStudioVersion = 10.0.40219.1
Project("{FAE04EC0-301F-11D3-BF4B-00C04F79EFBC}") = "01. Card Suit", "01. Card Suit\01. Card Suit.csproj", "{6E48CA6E-2BCF-41CD-84DD-370D851A729F}"
EndProject
Project("{FAE04EC0-301F-11D3-BF4B-00C04F79EFBC}") = "02. Card Rank", "02. Card Rank\02. Card Rank.csproj", "{AC8F92A3-1704-4A92-9423-E2F7F65AF644}"
EndProject
Project("{FAE04EC0-301F-11D3-BF4B-00C04F79EFBC}") = "03. Card Power", "03. Card Power\03. Card Power.csproj", "{9C463216-BE69-4BF5-AFCF-CA2E1F4B1DCC}"
EndProject
Project("{FAE04EC0-301F-11D3-BF4B-00C04F79EFBC}") = "04. Card ToString", "04. Card ToString\04. Card ToString.csproj", "{49A109B6-1672-45CF-9AED-45D1B254B155}"
EndProject
Project("{FAE04EC0-301F-11D3-BF4B-00C04F79EFBC}") = "05. Card CompareTo", "05. Card CompareTo\05. Card CompareTo.csproj", "{537E0F7D-44AB-4F19-8608-BE6ED53335EE}"
EndProject
Project("{FAE04EC0-301F-11D3-BF4B-00C04F79EFBC}") = "06. Custom Enum Attribute", "06. Custom Enum Attribute\06. Custom Enum Attribute.csproj", "{E871CFA2-CA3B-4A65-8C1A-DC2EEBFE5E20}"
EndProject
Project("{FAE04EC0-301F-11D3-BF4B-00C04F79EFBC}") = "07. Deck Of Cards", "07. Deck Of Cards\07. Deck Of Cards.csproj", "{2500760A-D5B6-4FCE-AD43-39AC6E68B78D}"
EndProject
Project("{FAE04EC0-301F-11D3-BF4B-00C04F79EFBC}") = "08. Card Game", "08. Card Game\08. Card Game.csproj", "{F50B078B-621C-461A-A92C-6EA88C687EA2}"
EndProject
Project("{FAE04EC0-301F-11D3-BF4B-00C04F79EFBC}") = "09. Traffic Lights", "09. Traffic Lights\09. Traffic Lights.csproj", "{46A8A32B-CB31-471E-B977-44A10ACCF7C1}"
EndProject
Project("{FAE04EC0-301F-11D3-BF4B-00C04F79EFBC}") = "10. Inferno Infinity", "10. Inferno Infinity\10. Inferno Infinity.csproj", "{5B1CCB23-03DA-4F0E-BFBA-42529DDEC7FA}"
EndProject
Project("{FAE04EC0-301F-11D3-BF4B-00C04F79EFBC}") = "11. Custom Attribute", "11. Custom Attribute\11. Custom Attribute.csproj", "{55560395-1623-4625-A142-725D6853200D}"
EndProject
Global
	GlobalSection(SolutionConfigurationPlatforms) = preSolution
		Debug|Any CPU = Debug|Any CPU
		Release|Any CPU = Release|Any CPU
	EndGlobalSection
	GlobalSection(ProjectConfigurationPlatforms) = postSolution
		{6E48CA6E-2BCF-41CD-84DD-370D851A729F}.Debug|Any CPU.ActiveCfg = Debug|Any CPU
		{6E48CA6E-2BCF-41CD-84DD-370D851A729F}.Debug|Any CPU.Build.0 = Debug|Any CPU
		{6E48CA6E-2BCF-41CD-84DD-370D851A729F}.Release|Any CPU.ActiveCfg = Release|Any CPU
		{6E48CA6E-2BCF-41CD-84DD-370D851A729F}.Release|Any CPU.Build.0 = Release|Any CPU
		{AC8F92A3-1704-4A92-9423-E2F7F65AF644}.Debug|Any CPU.ActiveCfg = Debug|Any CPU
		{AC8F92A3-1704-4A92-9423-E2F7F65AF644}.Debug|Any CPU.Build.0 = Debug|Any CPU
		{AC8F92A3-1704-4A92-9423-E2F7F65AF644}.Release|Any CPU.ActiveCfg = Release|Any CPU
		{AC8F92A3-1704-4A92-9423-E2F7F65AF644}.Release|Any CPU.Build.0 = Release|Any CPU
		{9C463216-BE69-4BF5-AFCF-CA2E1F4B1DCC}.Debug|Any CPU.ActiveCfg = Debug|Any CPU
		{9C463216-BE69-4BF5-AFCF-CA2E1F4B1DCC}.Debug|Any CPU.Build.0 = Debug|Any CPU
		{9C463216-BE69-4BF5-AFCF-CA2E1F4B1DCC}.Release|Any CPU.ActiveCfg = Release|Any CPU
		{9C463216-BE69-4BF5-AFCF-CA2E1F4B1DCC}.Release|Any CPU.Build.0 = Release|Any CPU
		{49A109B6-1672-45CF-9AED-45D1B254B155}.Debug|Any CPU.ActiveCfg = Debug|Any CPU
		{49A109B6-1672-45CF-9AED-45D1B254B155}.Debug|Any CPU.Build.0 = Debug|Any CPU
		{49A109B6-1672-45CF-9AED-45D1B254B155}.Release|Any CPU.ActiveCfg = Release|Any CPU
		{49A109B6-1672-45CF-9AED-45D1B254B155}.Release|Any CPU.Build.0 = Release|Any CPU
		{537E0F7D-44AB-4F19-8608-BE6ED53335EE}.Debug|Any CPU.ActiveCfg = Debug|Any CPU
		{537E0F7D-44AB-4F19-8608-BE6ED53335EE}.Debug|Any CPU.Build.0 = Debug|Any CPU
		{537E0F7D-44AB-4F19-8608-BE6ED53335EE}.Release|Any CPU.ActiveCfg = Release|Any CPU
		{537E0F7D-44AB-4F19-8608-BE6ED53335EE}.Release|Any CPU.Build.0 = Release|Any CPU
		{E871CFA2-CA3B-4A65-8C1A-DC2EEBFE5E20}.Debug|Any CPU.ActiveCfg = Debug|Any CPU
		{E871CFA2-CA3B-4A65-8C1A-DC2EEBFE5E20}.Debug|Any CPU.Build.0 = Debug|Any CPU
		{E871CFA2-CA3B-4A65-8C1A-DC2EEBFE5E20}.Release|Any CPU.ActiveCfg = Release|Any CPU
		{E871CFA2-CA3B-4A65-8C1A-DC2EEBFE5E20}.Release|Any CPU.Build.0 = Release|Any CPU
		{2500760A-D5B6-4FCE-AD43-39AC6E68B78D}.Debug|Any CPU.ActiveCfg = Debug|Any CPU
		{2500760A-D5B6-4FCE-AD43-39AC6E68B78D}.Debug|Any CPU.Build.0 = Debug|Any CPU
		{2500760A-D5B6-4FCE-AD43-39AC6E68B78D}.Release|Any CPU.ActiveCfg = Release|Any CPU
		{2500760A-D5B6-4FCE-AD43-39AC6E68B78D}.Release|Any CPU.Build.0 = Release|Any CPU
		{F50B078B-621C-461A-A92C-6EA88C687EA2}.Debug|Any CPU.ActiveCfg = Debug|Any CPU
		{F50B078B-621C-461A-A92C-6EA88C687EA2}.Debug|Any CPU.Build.0 = Debug|Any CPU
		{F50B078B-621C-461A-A92C-6EA88C687EA2}.Release|Any CPU.ActiveCfg = Release|Any CPU
		{F50B078B-621C-461A-A92C-6EA88C687EA2}.Release|Any CPU.Build.0 = Release|Any CPU
		{46A8A32B-CB31-471E-B977-44A10ACCF7C1}.Debug|Any CPU.ActiveCfg = Debug|Any CPU
		{46A8A32B-CB31-471E-B977-44A10ACCF7C1}.Debug|Any CPU.Build.0 = Debug|Any CPU
		{46A8A32B-CB31-471E-B977-44A10ACCF7C1}.Release|Any CPU.ActiveCfg = Release|Any CPU
		{46A8A32B-CB31-471E-B977-44A10ACCF7C1}.Release|Any CPU.Build.0 = Release|Any CPU
		{5B1CCB23-03DA-4F0E-BFBA-42529DDEC7FA}.Debug|Any CPU.ActiveCfg = Debug|Any CPU
		{5B1CCB23-03DA-4F0E-BFBA-42529DDEC7FA}.Debug|Any CPU.Build.0 = Debug|Any CPU
		{5B1CCB23-03DA-4F0E-BFBA-42529DDEC7FA}.Release|Any CPU.ActiveCfg = Release|Any CPU
		{5B1CCB23-03DA-4F0E-BFBA-42529DDEC7FA}.Release|Any CPU.Build.0 = Release|Any CPU
		{55560395-1623-4625-A142-725D6853200D}.Debug|Any CPU.ActiveCfg = Debug|Any CPU
		{55560395-1623-4625-A142-725D6853200D}.Debug|Any CPU.Build.0 = Debug|Any CPU
		{55560395-1623-4625-A142-725D6853200D}.Release|Any CPU.ActiveCfg = Release|Any CPU
		{55560395-1623-4625-A142-725D6853200D}.Release|Any CPU.Build.0 = Release|Any CPU
	EndGlobalSection
	GlobalSection(SolutionProperties) = preSolution
		HideSolutionNode = FALSE
	EndGlobalSection
EndGlobal
